
Microsoft Visual Studio Solution File, Format Version 12.00
# Visual Studio Version 17
VisualStudioVersion = 17.3.32929.385
MinimumVisualStudioVersion = 10.0.40219.1
Project("{9A19103F-16F7-4668-BE54-9A1E7A4F7556}") = "ToDoList-netaspmvc", "ToDoList-netaspmvc.csproj", "{12928408-9900-4413-A5AF-154906454E32}"
EndProject
Project("{9A19103F-16F7-4668-BE54-9A1E7A4F7556}") = "ToDoList_DomainModel", "..\ToDoList_DomainModel\ToDoList_DomainModel.csproj", "{B39994E0-2067-47B2-A800-B2E7A15C8168}"
EndProject
Project("{FAE04EC0-301F-11D3-BF4B-00C04F79EFBC}") = "ToDoList.IntegrationTests", "..\ToDoList.IntegrationTests\ToDoList.IntegrationTests.csproj", "{EC3E2763-0569-4FD3-A597-34C4BA3CBFB8}"
EndProject
Global
	GlobalSection(SolutionConfigurationPlatforms) = preSolution
		Debug|Any CPU = Debug|Any CPU
		Release|Any CPU = Release|Any CPU
	EndGlobalSection
	GlobalSection(ProjectConfigurationPlatforms) = postSolution
		{12928408-9900-4413-A5AF-154906454E32}.Debug|Any CPU.ActiveCfg = Debug|Any CPU
		{12928408-9900-4413-A5AF-154906454E32}.Debug|Any CPU.Build.0 = Debug|Any CPU
		{12928408-9900-4413-A5AF-154906454E32}.Release|Any CPU.ActiveCfg = Release|Any CPU
		{12928408-9900-4413-A5AF-154906454E32}.Release|Any CPU.Build.0 = Release|Any CPU
		{B39994E0-2067-47B2-A800-B2E7A15C8168}.Debug|Any CPU.ActiveCfg = Debug|Any CPU
		{B39994E0-2067-47B2-A800-B2E7A15C8168}.Debug|Any CPU.Build.0 = Debug|Any CPU
		{B39994E0-2067-47B2-A800-B2E7A15C8168}.Release|Any CPU.ActiveCfg = Release|Any CPU
		{B39994E0-2067-47B2-A800-B2E7A15C8168}.Release|Any CPU.Build.0 = Release|Any CPU
		{EC3E2763-0569-4FD3-A597-34C4BA3CBFB8}.Debug|Any CPU.ActiveCfg = Debug|Any CPU
		{EC3E2763-0569-4FD3-A597-34C4BA3CBFB8}.Debug|Any CPU.Build.0 = Debug|Any CPU
		{EC3E2763-0569-4FD3-A597-34C4BA3CBFB8}.Release|Any CPU.ActiveCfg = Release|Any CPU
		{EC3E2763-0569-4FD3-A597-34C4BA3CBFB8}.Release|Any CPU.Build.0 = Release|Any CPU
	EndGlobalSection
	GlobalSection(SolutionProperties) = preSolution
		HideSolutionNode = FALSE
	EndGlobalSection
	GlobalSection(ExtensibilityGlobals) = postSolution
		SolutionGuid = {B42E0A4D-51F7-45DC-B627-FCC042A025D0}
	EndGlobalSection
EndGlobal
